# This file is autogenerated, do not edit; changes may be undone by the next 'dep ensure'.


[[projects]]
  digest = "1:dcf88c187acc90bbf2fd8c074b1275c3e392f20e88508f57b1915a61ad299f1c"
  name = "github.com/flavioltonon/go-brazil"
  packages = ["."]
  pruneopts = "UT"
  revision = "b0dc87f5bccbf31344897e451a5db4b04fbe6c6c"
  version = "v0.1.1"

[solve-meta]
  analyzer-name = "dep"
  analyzer-version = 1
  input-imports = ["github.com/flavioltonon/go-brazil"]
  solver-name = "gps-cdcl"
  solver-version = 1
